
Microsoft Visual Studio Solution File, Format Version 12.00
# Visual Studio Version 17
VisualStudioVersion = 17.4.33213.308
MinimumVisualStudioVersion = 10.0.40219.1
Project("{FAE04EC0-301F-11D3-BF4B-00C04F79EFBC}") = "ScheduleView", "SchoolScheduleViaWebApi\ScheduleView.csproj", "{A825C146-2C7D-47DF-BEAD-7E47D981D6BC}"
EndProject
Project("{9A19103F-16F7-4668-BE54-9A1E7A4F7556}") = "ScheduleWebAdapter", "ScheduleWebAdapter\ScheduleWebAdapter.csproj", "{256F705F-66A6-416D-98A8-1F2DB7D9FCF7}"
EndProject
Project("{9A19103F-16F7-4668-BE54-9A1E7A4F7556}") = "ScheduleViewModel", "ScheduleViewModel\ScheduleViewModel.csproj", "{D7F5386E-62A0-4E0D-983D-BB5F91BCE3DD}"
EndProject
Project("{FAE04EC0-301F-11D3-BF4B-00C04F79EFBC}") = "ScheduleLogic", "ScheduleLogic\ScheduleLogic.csproj", "{BD8B5294-F42F-4047-B6BA-68954F27034A}"
EndProject
Project("{FAE04EC0-301F-11D3-BF4B-00C04F79EFBC}") = "ScheduleAppLogic", "ScheduleAppLogic\ScheduleAppLogic.csproj", "{F4A54692-E6E3-4568-B7B7-1093DF14095D}"
EndProject
Project("{FAE04EC0-301F-11D3-BF4B-00C04F79EFBC}") = "DBGateway", "DBGateway\DBGateway.csproj", "{0822C8CB-7AB0-4B63-AFFF-DBDDD7B9776B}"
EndProject
Project("{FAE04EC0-301F-11D3-BF4B-00C04F79EFBC}") = "ScheduleWebApi", "ScheduleWebApi\ScheduleWebApi.csproj", "{1CC0C777-2806-4982-9EAA-C0658D285837}"
EndProject
Global
	GlobalSection(SolutionConfigurationPlatforms) = preSolution
		Debug|Any CPU = Debug|Any CPU
		Release|Any CPU = Release|Any CPU
	EndGlobalSection
	GlobalSection(ProjectConfigurationPlatforms) = postSolution
		{A825C146-2C7D-47DF-BEAD-7E47D981D6BC}.Debug|Any CPU.ActiveCfg = Debug|Any CPU
		{A825C146-2C7D-47DF-BEAD-7E47D981D6BC}.Debug|Any CPU.Build.0 = Debug|Any CPU
		{A825C146-2C7D-47DF-BEAD-7E47D981D6BC}.Release|Any CPU.ActiveCfg = Release|Any CPU
		{A825C146-2C7D-47DF-BEAD-7E47D981D6BC}.Release|Any CPU.Build.0 = Release|Any CPU
		{256F705F-66A6-416D-98A8-1F2DB7D9FCF7}.Debug|Any CPU.ActiveCfg = Debug|Any CPU
		{256F705F-66A6-416D-98A8-1F2DB7D9FCF7}.Debug|Any CPU.Build.0 = Debug|Any CPU
		{256F705F-66A6-416D-98A8-1F2DB7D9FCF7}.Release|Any CPU.ActiveCfg = Release|Any CPU
		{256F705F-66A6-416D-98A8-1F2DB7D9FCF7}.Release|Any CPU.Build.0 = Release|Any CPU
		{D7F5386E-62A0-4E0D-983D-BB5F91BCE3DD}.Debug|Any CPU.ActiveCfg = Debug|Any CPU
		{D7F5386E-62A0-4E0D-983D-BB5F91BCE3DD}.Debug|Any CPU.Build.0 = Debug|Any CPU
		{D7F5386E-62A0-4E0D-983D-BB5F91BCE3DD}.Release|Any CPU.ActiveCfg = Release|Any CPU
		{D7F5386E-62A0-4E0D-983D-BB5F91BCE3DD}.Release|Any CPU.Build.0 = Release|Any CPU
		{BD8B5294-F42F-4047-B6BA-68954F27034A}.Debug|Any CPU.ActiveCfg = Debug|Any CPU
		{BD8B5294-F42F-4047-B6BA-68954F27034A}.Debug|Any CPU.Build.0 = Debug|Any CPU
		{BD8B5294-F42F-4047-B6BA-68954F27034A}.Release|Any CPU.ActiveCfg = Release|Any CPU
		{BD8B5294-F42F-4047-B6BA-68954F27034A}.Release|Any CPU.Build.0 = Release|Any CPU
		{F4A54692-E6E3-4568-B7B7-1093DF14095D}.Debug|Any CPU.ActiveCfg = Debug|Any CPU
		{F4A54692-E6E3-4568-B7B7-1093DF14095D}.Debug|Any CPU.Build.0 = Debug|Any CPU
		{F4A54692-E6E3-4568-B7B7-1093DF14095D}.Release|Any CPU.ActiveCfg = Release|Any CPU
		{F4A54692-E6E3-4568-B7B7-1093DF14095D}.Release|Any CPU.Build.0 = Release|Any CPU
		{0822C8CB-7AB0-4B63-AFFF-DBDDD7B9776B}.Debug|Any CPU.ActiveCfg = Debug|Any CPU
		{0822C8CB-7AB0-4B63-AFFF-DBDDD7B9776B}.Debug|Any CPU.Build.0 = Debug|Any CPU
		{0822C8CB-7AB0-4B63-AFFF-DBDDD7B9776B}.Release|Any CPU.ActiveCfg = Release|Any CPU
		{0822C8CB-7AB0-4B63-AFFF-DBDDD7B9776B}.Release|Any CPU.Build.0 = Release|Any CPU
		{1CC0C777-2806-4982-9EAA-C0658D285837}.Debug|Any CPU.ActiveCfg = Debug|Any CPU
		{1CC0C777-2806-4982-9EAA-C0658D285837}.Debug|Any CPU.Build.0 = Debug|Any CPU
		{1CC0C777-2806-4982-9EAA-C0658D285837}.Release|Any CPU.ActiveCfg = Release|Any CPU
		{1CC0C777-2806-4982-9EAA-C0658D285837}.Release|Any CPU.Build.0 = Release|Any CPU
	EndGlobalSection
	GlobalSection(SolutionProperties) = preSolution
		HideSolutionNode = FALSE
	EndGlobalSection
	GlobalSection(ExtensibilityGlobals) = postSolution
		SolutionGuid = {530A3406-0ED8-4BB5-9E8D-5A0EBB17D8EB}
	EndGlobalSection
EndGlobal
